# This file is generated by running "yarn install" inside your project.
# Manual changes might be lost - proceed with caution!

__metadata:
  version: 6
  cacheKey: 8

"@noble/hashes@npm:1.0.0":
  version: 1.0.0
  resolution: "@noble/hashes@npm:1.0.0"
  checksum: bdf1c28a4b587e72ec6b0c504903239c6f96680b2c15a6d90d367512f468eeca12f2ee7bd25967a9529be2bedbf3f8d0a50c33368937f8dfef2a973d0661c7b5
  languageName: node
  linkType: hard

"@noble/hashes@npm:^1.0.0":
  version: 1.1.2
  resolution: "@noble/hashes@npm:1.1.2"
  checksum: 3c2a8cb7c2e053811032f242155d870c5eb98844d924d69702244d48804cb03b42d4a666c49c2b71164420d8229cb9a6f242b972d50d5bb2f1d673b98b041de2
  languageName: node
  linkType: hard

"@noble/secp256k1@npm:1.5.5":
  version: 1.5.5
  resolution: "@noble/secp256k1@npm:1.5.5"
  checksum: 8a144e8469b29e94107ca4bcf442fc5d9410974239f8e42013f8604d602ab73cfc0c113c24170d41c25e2c40d6d1c46319c439c3bc26a7581c79060fabc3ea8c
  languageName: node
  linkType: hard

"@noble/secp256k1@npm:^1.5.5":
  version: 1.6.0
  resolution: "@noble/secp256k1@npm:1.6.0"
  checksum: e99df3b776515e6a8b3193870e69ff3a7d22c6a4733245dceb9d1d229d5b0859bd478b7213f31d556ba3745647ec07262d0f9df845d79204b7ce4ae1648b27c7
  languageName: node
  linkType: hard

"@stacks/common@npm:^4.3.0":
  version: 4.3.0
  resolution: "@stacks/common@npm:4.3.0"
  dependencies:
    "@types/bn.js": ^5.1.0
    "@types/node": ^14.14.43
    buffer: ^6.0.3
  checksum: 0f8ca5f3756c841ead8a0ad68b6e98cf54c61771238d9e6b7337e309f462871053595f4a768d7a5464815495b1b74ff0cfe25cec44c105f860b78b8e8e11f239
  languageName: node
  linkType: hard

"@stacks/network@npm:^4.3.0":
  version: 4.3.0
  resolution: "@stacks/network@npm:4.3.0"
  dependencies:
    "@stacks/common": ^4.3.0
    cross-fetch: ^3.1.5
  checksum: 198e44e979f65f3a486ec9be2e94d9f798a4d9499b4fb269f775465e750444dac4b1f49dccc8a70f1b19751a3bf175ad33359debb1bc7db2f11d66e8193ae7b2
  languageName: node
  linkType: hard

"@stacks/transactions@npm:^4.3.0":
  version: 4.3.0
  resolution: "@stacks/transactions@npm:4.3.0"
  dependencies:
    "@noble/hashes": ^1.0.0
    "@noble/secp256k1": ^1.5.5
    "@stacks/common": ^4.3.0
    "@stacks/network": ^4.3.0
    "@types/node": ^14.14.43
    "@types/sha.js": ^2.4.0
    c32check: ^1.1.3
    lodash.clonedeep: ^4.5.0
    ripemd160-min: ^0.0.6
    sha.js: ^2.4.11
    smart-buffer: ^4.1.0
  checksum: d125153695a8b071c5ad288468210aef132db6f4d0496b5c01c6b0d5b401a4465902bb390162a999d2a60466ec6bfc5da4f307d9c058fe8f2cc71ef06f9e7016
  languageName: node
  linkType: hard

"@types/bn.js@npm:^5.1.0":
  version: 5.1.0
  resolution: "@types/bn.js@npm:5.1.0"
  dependencies:
    "@types/node": "*"
  checksum: 1dc1cbbd7a1e8bf3614752e9602f558762a901031f499f3055828b5e3e2bba16e5b88c27b3c4152ad795248fbe4086c731a5c4b0f29bb243f1875beeeabee59c
  languageName: node
  linkType: hard

"@types/node@npm:*":
  version: 18.0.0
  resolution: "@types/node@npm:18.0.0"
  checksum: aab2b325727a2599f6d25ebe0dedf58c40fb66a51ce4ca9c0226ceb70fcda2d3afccdca29db5942eb48b158ee8585a274a1e3750c718bbd5399d7f41d62dfdcc
  languageName: node
  linkType: hard

"@types/node@npm:^14.14.43":
  version: 14.18.21
  resolution: "@types/node@npm:14.18.21"
  checksum: 4ed35b76609647a4e36a194702e31cdda9ed42174ddaf7937bc5498984e98a99e8a42ea895ea17dd9c5ec18080112c29ab670c34f90eb9f7a4703b85b31e34fa
  languageName: node
  linkType: hard

"@types/sha.js@npm:^2.4.0":
  version: 2.4.0
  resolution: "@types/sha.js@npm:2.4.0"
  dependencies:
    "@types/node": "*"
  checksum: 0e1bd1a98d88dbbf87180b8ef81ab2bf8c2bd066a99858c76299fb599fd912df807072a55a6f484077498dd972a1b55eaa03aae6ea2654027a4dd0331db7e201
  languageName: node
  linkType: hard

"base-x@npm:^3.0.8":
  version: 3.0.9
  resolution: "base-x@npm:3.0.9"
  dependencies:
    safe-buffer: ^5.0.1
  checksum: 957101d6fd09e1903e846fd8f69fd7e5e3e50254383e61ab667c725866bec54e5ece5ba49ce385128ae48f9ec93a26567d1d5ebb91f4d56ef4a9cc0d5a5481e8
  languageName: node
  linkType: hard

"base64-js@npm:^1.3.1":
  version: 1.5.1
  resolution: "base64-js@npm:1.5.1"
  checksum: 669632eb3745404c2f822a18fc3a0122d2f9a7a13f7fb8b5823ee19d1d2ff9ee5b52c53367176ea4ad093c332fd5ab4bd0ebae5a8e27917a4105a4cfc86b1005
  languageName: node
  linkType: hard

"buffer@npm:^5.6.0":
  version: 5.7.1
  resolution: "buffer@npm:5.7.1"
  dependencies:
    base64-js: ^1.3.1
    ieee754: ^1.1.13
  checksum: e2cf8429e1c4c7b8cbd30834ac09bd61da46ce35f5c22a78e6c2f04497d6d25541b16881e30a019c6fd3154150650ccee27a308eff3e26229d788bbdeb08ab84
  languageName: node
  linkType: hard

"buffer@npm:^6.0.3":
  version: 6.0.3
  resolution: "buffer@npm:6.0.3"
  dependencies:
    base64-js: ^1.3.1
    ieee754: ^1.2.1
  checksum: 5ad23293d9a731e4318e420025800b42bf0d264004c0286c8cc010af7a270c7a0f6522e84f54b9ad65cbd6db20b8badbfd8d2ebf4f80fa03dab093b89e68c3f9
  languageName: node
  linkType: hard

"c32check@npm:^1.1.3":
  version: 1.1.3
  resolution: "c32check@npm:1.1.3"
  dependencies:
    base-x: ^3.0.8
    buffer: ^5.6.0
    cross-sha256: ^1.2.0
  checksum: abce9f4faadeda7bf80c8e6be35c21071340df019795e22d2ea243db4bd5986d65910608656082e39f908074e8caec2b583a5570e9dc6435ab201278e01b9d38
  languageName: node
  linkType: hard

"cross-fetch@npm:^3.1.5":
  version: 3.1.5
  resolution: "cross-fetch@npm:3.1.5"
  dependencies:
    node-fetch: 2.6.7
  checksum: f6b8c6ee3ef993ace6277fd789c71b6acf1b504fd5f5c7128df4ef2f125a429e29cd62dc8c127523f04a5f2fa4771ed80e3f3d9695617f441425045f505cf3bb
  languageName: node
  linkType: hard

"cross-sha256@npm:^1.2.0":
  version: 1.2.0
  resolution: "cross-sha256@npm:1.2.0"
  dependencies:
    buffer: ^5.6.0
  checksum: a1c2cb1400992fb6f6b11166ce07a0faf98e7caf8c010859a8e97aa8b519f818c05003a783765eef97c037c4d622cb511dfb479f9c595d90956e2d27b133a5b1
  languageName: node
  linkType: hard

"ieee754@npm:^1.1.13, ieee754@npm:^1.2.1":
  version: 1.2.1
  resolution: "ieee754@npm:1.2.1"
  checksum: 5144c0c9815e54ada181d80a0b810221a253562422e7c6c3a60b1901154184f49326ec239d618c416c1c5945a2e197107aee8d986a3dd836b53dffefd99b5e7e
  languageName: node
  linkType: hard

"inherits@npm:^2.0.1":
  version: 2.0.4
  resolution: "inherits@npm:2.0.4"
  checksum: 4a48a733847879d6cf6691860a6b1e3f0f4754176e4d71494c41f3475553768b10f84b5ce1d40fbd0e34e6bfbb864ee35858ad4dd2cf31e02fc4a154b724d7f1
  languageName: node
  linkType: hard

"lodash.clonedeep@npm:^4.5.0":
  version: 4.5.0
  resolution: "lodash.clonedeep@npm:4.5.0"
  checksum: 92c46f094b064e876a23c97f57f81fbffd5d760bf2d8a1c61d85db6d1e488c66b0384c943abee4f6af7debf5ad4e4282e74ff83177c9e63d8ff081a4837c3489
  languageName: node
  linkType: hard

"micro-stacks@npm:^0.5.2":
  version: 0.5.2
  resolution: "micro-stacks@npm:0.5.2"
  dependencies:
    "@noble/hashes": 1.0.0
    "@noble/secp256k1": 1.5.5
  peerDependencies:
    "@scure/bip32": 1.0.1
    "@scure/bip39": 1.0.0
  peerDependenciesMeta:
    "@scure/bip32":
      optional: true
    "@scure/bip39":
      optional: true
  checksum: f2756204e25857c7d75395435eb2ccee7094de20adc1d80eb3982c97d9d579253374525665ff8e505769e7dc53ac173882e4bd48ec1462a5891c8027952fce10
  languageName: node
  linkType: hard

"ms@workspace:.":
  version: 0.0.0-use.local
  resolution: "ms@workspace:."
  dependencies:
    "@stacks/transactions": ^4.3.0
    micro-stacks: ^0.5.2
    performance-now: ^2.1.0
  languageName: unknown
  linkType: soft

"node-fetch@npm:2.6.7":
  version: 2.6.7
  resolution: "node-fetch@npm:2.6.7"
  dependencies:
    whatwg-url: ^5.0.0
  peerDependencies:
    encoding: ^0.1.0
  peerDependenciesMeta:
    encoding:
      optional: true
  checksum: 8d816ffd1ee22cab8301c7756ef04f3437f18dace86a1dae22cf81db8ef29c0bf6655f3215cb0cdb22b420b6fe141e64b26905e7f33f9377a7fa59135ea3e10b
  languageName: node
  linkType: hard

"performance-now@npm:^2.1.0":
  version: 2.1.0
  resolution: "performance-now@npm:2.1.0"
  checksum: 534e641aa8f7cba160f0afec0599b6cecefbb516a2e837b512be0adbe6c1da5550e89c78059c7fabc5c9ffdf6627edabe23eb7c518c4500067a898fa65c2b550
  languageName: node
  linkType: hard

"ripemd160-min@npm:^0.0.6":
  version: 0.0.6
  resolution: "ripemd160-min@npm:0.0.6"
  checksum: 3253fec273aee407e736df0baf69f90c65f56573d6fc537532041112e7c09a2f665ee2e618ef4a88eb494923d36614322eac26ddf35a504fcfedb422fd414c75
  languageName: node
  linkType: hard

"safe-buffer@npm:^5.0.1":
  version: 5.2.1
  resolution: "safe-buffer@npm:5.2.1"
  checksum: b99c4b41fdd67a6aaf280fcd05e9ffb0813654894223afb78a31f14a19ad220bba8aba1cb14eddce1fcfb037155fe6de4e861784eb434f7d11ed58d1e70dd491
  languageName: node
  linkType: hard

"sha.js@npm:^2.4.11":
  version: 2.4.11
  resolution: "sha.js@npm:2.4.11"
  dependencies:
    inherits: ^2.0.1
    safe-buffer: ^5.0.1
  bin:
    sha.js: ./bin.js
  checksum: ebd3f59d4b799000699097dadb831c8e3da3eb579144fd7eb7a19484cbcbb7aca3c68ba2bb362242eb09e33217de3b4ea56e4678184c334323eca24a58e3ad07
  languageName: node
  linkType: hard

"smart-buffer@npm:^4.1.0":
  version: 4.2.0
  resolution: "smart-buffer@npm:4.2.0"
  checksum: b5167a7142c1da704c0e3af85c402002b597081dd9575031a90b4f229ca5678e9a36e8a374f1814c8156a725d17008ae3bde63b92f9cfd132526379e580bec8b
  languageName: node
  linkType: hard

"tr46@npm:~0.0.3":
  version: 0.0.3
  resolution: "tr46@npm:0.0.3"
  checksum: 726321c5eaf41b5002e17ffbd1fb7245999a073e8979085dacd47c4b4e8068ff5777142fc6726d6ca1fd2ff16921b48788b87225cbc57c72636f6efa8efbffe3
  languageName: node
  linkType: hard

"webidl-conversions@npm:^3.0.0":
  version: 3.0.1
  resolution: "webidl-conversions@npm:3.0.1"
  checksum: c92a0a6ab95314bde9c32e1d0a6dfac83b578f8fa5f21e675bc2706ed6981bc26b7eb7e6a1fab158e5ce4adf9caa4a0aee49a52505d4d13c7be545f15021b17c
  languageName: node
  linkType: hard

"whatwg-url@npm:^5.0.0":
  version: 5.0.0
  resolution: "whatwg-url@npm:5.0.0"
  dependencies:
    tr46: ~0.0.3
    webidl-conversions: ^3.0.0
  checksum: b8daed4ad3356cc4899048a15b2c143a9aed0dfae1f611ebd55073310c7b910f522ad75d727346ad64203d7e6c79ef25eafd465f4d12775ca44b90fa82ed9e2c
  languageName: node
  linkType: hard
